
Microsoft Visual Studio Solution File, Format Version 12.00
# Visual Studio Version 17
VisualStudioVersion = 17.14.36202.13
MinimumVisualStudioVersion = 10.0.40219.1
Project("{FAE04EC0-301F-11D3-BF4B-00C04F79EFBC}") = "API", "API\API.csproj", "{4C286966-39EC-46E1-AD06-AD32322D607A}"
EndProject
Project("{FAE04EC0-301F-11D3-BF4B-00C04F79EFBC}") = "APITests", "APITests\APITests.csproj", "{4ECB5C21-7CC6-41FA-9993-643E980EB5FD}"
EndProject
Global
	GlobalSection(SolutionConfigurationPlatforms) = preSolution
		Debug|Any CPU = Debug|Any CPU
		Release|Any CPU = Release|Any CPU
	EndGlobalSection
	GlobalSection(ProjectConfigurationPlatforms) = postSolution
		{4C286966-39EC-46E1-AD06-AD32322D607A}.Debug|Any CPU.ActiveCfg = Debug|Any CPU
		{4C286966-39EC-46E1-AD06-AD32322D607A}.Debug|Any CPU.Build.0 = Debug|Any CPU
		{4C286966-39EC-46E1-AD06-AD32322D607A}.Release|Any CPU.ActiveCfg = Release|Any CPU
		{4C286966-39EC-46E1-AD06-AD32322D607A}.Release|Any CPU.Build.0 = Release|Any CPU
		{4ECB5C21-7CC6-41FA-9993-643E980EB5FD}.Debug|Any CPU.ActiveCfg = Debug|Any CPU
		{4ECB5C21-7CC6-41FA-9993-643E980EB5FD}.Debug|Any CPU.Build.0 = Debug|Any CPU
		{4ECB5C21-7CC6-41FA-9993-643E980EB5FD}.Release|Any CPU.ActiveCfg = Release|Any CPU
		{4ECB5C21-7CC6-41FA-9993-643E980EB5FD}.Release|Any CPU.Build.0 = Release|Any CPU
	EndGlobalSection
	GlobalSection(SolutionProperties) = preSolution
		HideSolutionNode = FALSE
	EndGlobalSection
	GlobalSection(ExtensibilityGlobals) = postSolution
		SolutionGuid = {87C69DFE-994D-42F6-85C1-5B0D47B2779A}
	EndGlobalSection
EndGlobal
